
Microsoft Visual Studio Solution File, Format Version 12.00
# Visual Studio Version 17
VisualStudioVersion = 17.10.34928.147
MinimumVisualStudioVersion = 10.0.40219.1
Project("{FAE04EC0-301F-11D3-BF4B-00C04F79EFBC}") = "worker-service", "worker-service.csproj", "{8F164A83-71F8-4F59-BA20-73CBDEF804FD}"
EndProject
Global
	GlobalSection(SolutionConfigurationPlatforms) = preSolution
		Debug|Any CPU = Debug|Any CPU
		Release|Any CPU = Release|Any CPU
	EndGlobalSection
	GlobalSection(ProjectConfigurationPlatforms) = postSolution
		{8F164A83-71F8-4F59-BA20-73CBDEF804FD}.Debug|Any CPU.ActiveCfg = Debug|Any CPU
		{8F164A83-71F8-4F59-BA20-73CBDEF804FD}.Debug|Any CPU.Build.0 = Debug|Any CPU
		{8F164A83-71F8-4F59-BA20-73CBDEF804FD}.Release|Any CPU.ActiveCfg = Release|Any CPU
		{8F164A83-71F8-4F59-BA20-73CBDEF804FD}.Release|Any CPU.Build.0 = Release|Any CPU
	EndGlobalSection
	GlobalSection(SolutionProperties) = preSolution
		HideSolutionNode = FALSE
	EndGlobalSection
	GlobalSection(ExtensibilityGlobals) = postSolution
		SolutionGuid = {DAD778ED-6E78-409E-BC55-D5A25B67CA43}
	EndGlobalSection
EndGlobal
